
Microsoft Visual Studio Solution File, Format Version 12.00
# Visual Studio Version 17
VisualStudioVersion = 17.1.32319.34
MinimumVisualStudioVersion = 10.0.40219.1
Project("{FAE04EC0-301F-11D3-BF4B-00C04F79EFBC}") = "Delegates", "Delegates.csproj", "{45C340C4-C88A-48F0-AB63-BD7D9FCCF1B9}"
EndProject
Global
	GlobalSection(SolutionConfigurationPlatforms) = preSolution
		Debug|Any CPU = Debug|Any CPU
		Release|Any CPU = Release|Any CPU
	EndGlobalSection
	GlobalSection(ProjectConfigurationPlatforms) = postSolution
		{45C340C4-C88A-48F0-AB63-BD7D9FCCF1B9}.Debug|Any CPU.ActiveCfg = Debug|Any CPU
		{45C340C4-C88A-48F0-AB63-BD7D9FCCF1B9}.Debug|Any CPU.Build.0 = Debug|Any CPU
		{45C340C4-C88A-48F0-AB63-BD7D9FCCF1B9}.Release|Any CPU.ActiveCfg = Release|Any CPU
		{45C340C4-C88A-48F0-AB63-BD7D9FCCF1B9}.Release|Any CPU.Build.0 = Release|Any CPU
	EndGlobalSection
	GlobalSection(SolutionProperties) = preSolution
		HideSolutionNode = FALSE
	EndGlobalSection
	GlobalSection(ExtensibilityGlobals) = postSolution
		SolutionGuid = {496A960C-F7AD-4731-B5B1-323A2B72DEE1}
	EndGlobalSection
EndGlobal
